// !$*UTF8*$!
{
	archiveVersion = 1;
	classes = {
	};
	objectVersion = 77;
	objects = {

/* Begin PBXBuildFile section */
		291320F62ECD30AE00CCA138 /* AuthViewModel.swift in Sources */ = {isa = PBXBuildFile; fileRef = 291320F52ECD30AE00CCA138 /* AuthViewModel.swift */; };
		291320F82ECD30B000CCA138 /* LandingView.swift in Sources */ = {isa = PBXBuildFile; fileRef = 291320F72ECD30B000CCA138 /* LandingView.swift */; };
		291320FC2ECD30B700CCA138 /* LoginView.swift in Sources */ = {isa = PBXBuildFile; fileRef = 291320FB2ECD30B700CCA138 /* LoginView.swift */; };
		291321002ECD30BE00CCA138 /* ParkingSpotDetailView.swift in Sources */ = {isa = PBXBuildFile; fileRef = 291320FF2ECD30BE00CCA138 /* ParkingSpotDetailView.swift */; };
		291321022ECD30C100CCA138 /* MapView.swift in Sources */ = {isa = PBXBuildFile; fileRef = 291321012ECD30C100CCA138 /* MapView.swift */; };
		291321042ECD30C500CCA138 /* ParkMateApp.swift in Sources */ = {isa = PBXBuildFile; fileRef = 291321032ECD30C500CCA138 /* ParkMateApp.swift */; };
		291321062ECD31AF00CCA138 /* AddEditParkingSpotView.swift in Sources */ = {isa = PBXBuildFile; fileRef = 291321052ECD31AF00CCA138 /* AddEditParkingSpotView.swift */; };
		291321082ECD31B300CCA138 /* AddEditRestrictionView.swift in Sources */ = {isa = PBXBuildFile; fileRef = 291321072ECD31B300CCA138 /* AddEditRestrictionView.swift */; };
		294648032ED6166E0090CDC8 /* DateTimeUtils.swift in Sources */ = {isa = PBXBuildFile; fileRef = 294648022ED6166E0090CDC8 /* DateTimeUtils.swift */; };
		294648052ED6178A0090CDC8 /* ParkingSpot+Status 2.swift in Sources */ = {isa = PBXBuildFile; fileRef = 294648042ED6178A0090CDC8 /* ParkingSpot+Status 2.swift */; };
		294648072ED63DF90090CDC8 /* DateTimeUtilsTests.swift in Sources */ = {isa = PBXBuildFile; fileRef = 294648062ED63DF90090CDC8 /* DateTimeUtilsTests.swift */; };
		294648092ED63DFE0090CDC8 /* ParkingSpotStatusTests.swift in Sources */ = {isa = PBXBuildFile; fileRef = 294648082ED63DFE0090CDC8 /* ParkingSpotStatusTests.swift */; };
		299652102ED3EBE700F7E13D /* QuickScanReviewView.swift in Sources */ = {isa = PBXBuildFile; fileRef = 2996520F2ED3EBE700F7E13D /* QuickScanReviewView.swift */; };
		299652122ED3EEDC00F7E13D /* ParkingSignalStatus.swift in Sources */ = {isa = PBXBuildFile; fileRef = 299652112ED3EEDC00F7E13D /* ParkingSignalStatus.swift */; };
		2996524C2ED425B200F7E13D /* HomeView.swift in Sources */ = {isa = PBXBuildFile; fileRef = 2996524B2ED425B200F7E13D /* HomeView.swift */; };
		2996524E2ED4272600F7E13D /* HomeView 2.swift in Sources */ = {isa = PBXBuildFile; fileRef = 2996524D2ED4272600F7E13D /* HomeView 2.swift */; };
		299652502ED43AF600F7E13D /* Segment.swift in Sources */ = {isa = PBXBuildFile; fileRef = 2996524F2ED43AF600F7E13D /* Segment.swift */; };
		299652522ED4400600F7E13D /* StreetSide+Hashable.swift in Sources */ = {isa = PBXBuildFile; fileRef = 299652512ED4400600F7E13D /* StreetSide+Hashable.swift */; };
		299652542ED4413900F7E13D /* CurbGeometry.swift in Sources */ = {isa = PBXBuildFile; fileRef = 299652532ED4413900F7E13D /* CurbGeometry.swift */; };
		299652582ED4C43C00F7E13D /* SegmentMapEditorView.swift in Sources */ = {isa = PBXBuildFile; fileRef = 299652572ED4C43C00F7E13D /* SegmentMapEditorView.swift */; };
		29A96F4B2ED4E84200696E7D /* DateUtils.swift in Sources */ = {isa = PBXBuildFile; fileRef = 29A96F4A2ED4E84200696E7D /* DateUtils.swift */; };
		29A96F4D2ED4E85400696E7D /* OCRTextUtils.swift in Sources */ = {isa = PBXBuildFile; fileRef = 29A96F4C2ED4E85400696E7D /* OCRTextUtils.swift */; };
		29B54BBB2ED2264700E0A40B /* ParkSession.swift in Sources */ = {isa = PBXBuildFile; fileRef = 29B54BBA2ED2264700E0A40B /* ParkSession.swift */; };
		29B54BBD2ED2264F00E0A40B /* SessionsListView.swift in Sources */ = {isa = PBXBuildFile; fileRef = 29B54BBC2ED2264F00E0A40B /* SessionsListView.swift */; };
		29B54BBF2ED22CA400E0A40B /* REMOVE_ME_ParkSession.swift in Sources */ = {isa = PBXBuildFile; fileRef = 29B54BBE2ED22CA400E0A40B /* REMOVE_ME_ParkSession.swift */; };
		29B54BC12ED23D5A00E0A40B /* ParkingSpot+Status.swift in Sources */ = {isa = PBXBuildFile; fileRef = 29B54BC02ED23D5A00E0A40B /* ParkingSpot+Status.swift */; };
		29B54BC32ED2449900E0A40B /* DrivingSide.swift in Sources */ = {isa = PBXBuildFile; fileRef = 29B54BC22ED2449900E0A40B /* DrivingSide.swift */; };
		29B54BC52ED24F0400E0A40B /* SpotPhotosView.swift in Sources */ = {isa = PBXBuildFile; fileRef = 29B54BC42ED24F0400E0A40B /* SpotPhotosView.swift */; };
		29B54BC72ED2715300E0A40B /* CarDetailView.swift in Sources */ = {isa = PBXBuildFile; fileRef = 29B54BC62ED2715300E0A40B /* CarDetailView.swift */; };
		29B54BCB2ED2BC2700E0A40B /* ParkingEligibilityEvaluator.swift in Sources */ = {isa = PBXBuildFile; fileRef = 29B54BCA2ED2BC2700E0A40B /* ParkingEligibilityEvaluator.swift */; };
		29B54BCD2ED37BBF00E0A40B /* NotificationLog.swift in Sources */ = {isa = PBXBuildFile; fileRef = 29B54BCC2ED37BBF00E0A40B /* NotificationLog.swift */; };
		29B54BCF2ED37BC700E0A40B /* NotificationsView.swift in Sources */ = {isa = PBXBuildFile; fileRef = 29B54BCE2ED37BC700E0A40B /* NotificationsView.swift */; };
		29B54BD12ED37BF000E0A40B /* NotificationLogStore.swift in Sources */ = {isa = PBXBuildFile; fileRef = 29B54BD02ED37BF000E0A40B /* NotificationLogStore.swift */; };
		29B54BD32ED37C4B00E0A40B /* AlertsHubView.swift in Sources */ = {isa = PBXBuildFile; fileRef = 29B54BD22ED37C4B00E0A40B /* AlertsHubView.swift */; };
		29B54BD52ED3824700E0A40B /* QuickSpotActionsSheet.swift in Sources */ = {isa = PBXBuildFile; fileRef = 29B54BD42ED3824700E0A40B /* QuickSpotActionsSheet.swift */; };
		29B54BD72ED3A5BE00E0A40B /* BackendSyncService.swift in Sources */ = {isa = PBXBuildFile; fileRef = 29B54BD62ED3A5BE00E0A40B /* BackendSyncService.swift */; };
		29E287F32ECD83F7004F8619 /* RegisterView.swift in Sources */ = {isa = PBXBuildFile; fileRef = 29E287F22ECD83F7004F8619 /* RegisterView.swift */; };
		29E288162ECEE9F4004F8619 /* ParkingSignScannerView.swift in Sources */ = {isa = PBXBuildFile; fileRef = 29E288152ECEE9F4004F8619 /* ParkingSignScannerView.swift */; };
		29E2881E2ECEEA6D004F8619 /* QuickScanSheet.swift in Sources */ = {isa = PBXBuildFile; fileRef = 29E2881D2ECEEA6D004F8619 /* QuickScanSheet.swift */; };
		29E2882E2ED175E4004F8619 /* SpotsMapView.swift in Sources */ = {isa = PBXBuildFile; fileRef = 29E2882D2ED175E4004F8619 /* SpotsMapView.swift */; };
		29E288302ED17671004F8619 /* CarListView.swift in Sources */ = {isa = PBXBuildFile; fileRef = 29E2882F2ED17671004F8619 /* CarListView.swift */; };
		29E288322ED17E07004F8619 /* ScansView.swift in Sources */ = {isa = PBXBuildFile; fileRef = 29E288312ED17E07004F8619 /* ScansView.swift */; };
		29E288342ED17E0C004F8619 /* HistoryView.swift in Sources */ = {isa = PBXBuildFile; fileRef = 29E288332ED17E0C004F8619 /* HistoryView.swift */; };
		29E288362ED17E0E004F8619 /* SignScanEditView.swift in Sources */ = {isa = PBXBuildFile; fileRef = 29E288352ED17E0E004F8619 /* SignScanEditView.swift */; };
		29E288382ED17E10004F8619 /* ParkSessionEditView.swift in Sources */ = {isa = PBXBuildFile; fileRef = 29E288372ED17E10004F8619 /* ParkSessionEditView.swift */; };
		29E2883A2ED17E32004F8619 /* README_CHANGES.md in Resources */ = {isa = PBXBuildFile; fileRef = 29E288392ED17E32004F8619 /* README_CHANGES.md */; };
/* End PBXBuildFile section */

/* Begin PBXContainerItemProxy section */
		29F531AA2ECD19B600475F48 /* PBXContainerItemProxy */ = {
			isa = PBXContainerItemProxy;
			containerPortal = 29F531942ECD19B400475F48 /* Project object */;
			proxyType = 1;
			remoteGlobalIDString = 29F5319B2ECD19B400475F48;
			remoteInfo = test2;
		};
		29F531B42ECD19B600475F48 /* PBXContainerItemProxy */ = {
			isa = PBXContainerItemProxy;
			containerPortal = 29F531942ECD19B400475F48 /* Project object */;
			proxyType = 1;
			remoteGlobalIDString = 29F5319B2ECD19B400475F48;
			remoteInfo = test2;
		};
/* End PBXContainerItemProxy section */

/* Begin PBXFileReference section */
		291320F52ECD30AE00CCA138 /* AuthViewModel.swift */ = {isa = PBXFileReference; lastKnownFileType = sourcecode.swift; path = AuthViewModel.swift; sourceTree = "<group>"; };
		291320F72ECD30B000CCA138 /* LandingView.swift */ = {isa = PBXFileReference; lastKnownFileType = sourcecode.swift; path = LandingView.swift; sourceTree = "<group>"; };
		291320FB2ECD30B700CCA138 /* LoginView.swift */ = {isa = PBXFileReference; lastKnownFileType = sourcecode.swift; path = LoginView.swift; sourceTree = "<group>"; };
		291320FF2ECD30BE00CCA138 /* ParkingSpotDetailView.swift */ = {isa = PBXFileReference; lastKnownFileType = sourcecode.swift; path = ParkingSpotDetailView.swift; sourceTree = "<group>"; };
		291321012ECD30C100CCA138 /* MapView.swift */ = {isa = PBXFileReference; lastKnownFileType = sourcecode.swift; path = MapView.swift; sourceTree = "<group>"; };
		291321032ECD30C500CCA138 /* ParkMateApp.swift */ = {isa = PBXFileReference; lastKnownFileType = sourcecode.swift; path = ParkMateApp.swift; sourceTree = "<group>"; };
		291321052ECD31AF00CCA138 /* AddEditParkingSpotView.swift */ = {isa = PBXFileReference; lastKnownFileType = sourcecode.swift; path = AddEditParkingSpotView.swift; sourceTree = "<group>"; };
		291321072ECD31B300CCA138 /* AddEditRestrictionView.swift */ = {isa = PBXFileReference; lastKnownFileType = sourcecode.swift; path = AddEditRestrictionView.swift; sourceTree = "<group>"; };
		294648022ED6166E0090CDC8 /* DateTimeUtils.swift */ = {isa = PBXFileReference; lastKnownFileType = sourcecode.swift; path = DateTimeUtils.swift; sourceTree = "<group>"; };
		294648042ED6178A0090CDC8 /* ParkingSpot+Status 2.swift */ = {isa = PBXFileReference; lastKnownFileType = sourcecode.swift; path = "ParkingSpot+Status 2.swift"; sourceTree = "<group>"; };
		294648062ED63DF90090CDC8 /* DateTimeUtilsTests.swift */ = {isa = PBXFileReference; lastKnownFileType = sourcecode.swift; path = DateTimeUtilsTests.swift; sourceTree = "<group>"; };
		294648082ED63DFE0090CDC8 /* ParkingSpotStatusTests.swift */ = {isa = PBXFileReference; lastKnownFileType = sourcecode.swift; path = ParkingSpotStatusTests.swift; sourceTree = "<group>"; };
		2996520F2ED3EBE700F7E13D /* QuickScanReviewView.swift */ = {isa = PBXFileReference; lastKnownFileType = sourcecode.swift; path = QuickScanReviewView.swift; sourceTree = "<group>"; };
		299652112ED3EEDC00F7E13D /* ParkingSignalStatus.swift */ = {isa = PBXFileReference; lastKnownFileType = sourcecode.swift; path = ParkingSignalStatus.swift; sourceTree = "<group>"; };
		2996524B2ED425B200F7E13D /* HomeView.swift */ = {isa = PBXFileReference; lastKnownFileType = sourcecode.swift; path = HomeView.swift; sourceTree = "<group>"; };
		2996524D2ED4272600F7E13D /* HomeView 2.swift */ = {isa = PBXFileReference; lastKnownFileType = sourcecode.swift; path = "HomeView 2.swift"; sourceTree = "<group>"; };
		2996524F2ED43AF600F7E13D /* Segment.swift */ = {isa = PBXFileReference; lastKnownFileType = sourcecode.swift; path = Segment.swift; sourceTree = "<group>"; };
		299652512ED4400600F7E13D /* StreetSide+Hashable.swift */ = {isa = PBXFileReference; lastKnownFileType = sourcecode.swift; path = "StreetSide+Hashable.swift"; sourceTree = "<group>"; };
		299652532ED4413900F7E13D /* CurbGeometry.swift */ = {isa = PBXFileReference; lastKnownFileType = sourcecode.swift; path = CurbGeometry.swift; sourceTree = "<group>"; };
		299652572ED4C43C00F7E13D /* SegmentMapEditorView.swift */ = {isa = PBXFileReference; lastKnownFileType = sourcecode.swift; path = SegmentMapEditorView.swift; sourceTree = "<group>"; };
		29A96F4A2ED4E84200696E7D /* DateUtils.swift */ = {isa = PBXFileReference; lastKnownFileType = sourcecode.swift; path = DateUtils.swift; sourceTree = "<group>"; };
		29A96F4C2ED4E85400696E7D /* OCRTextUtils.swift */ = {isa = PBXFileReference; lastKnownFileType = sourcecode.swift; path = OCRTextUtils.swift; sourceTree = "<group>"; };
		29B54BBA2ED2264700E0A40B /* ParkSession.swift */ = {isa = PBXFileReference; lastKnownFileType = sourcecode.swift; path = ParkSession.swift; sourceTree = "<group>"; };
		29B54BBC2ED2264F00E0A40B /* SessionsListView.swift */ = {isa = PBXFileReference; lastKnownFileType = sourcecode.swift; path = SessionsListView.swift; sourceTree = "<group>"; };
		29B54BBE2ED22CA400E0A40B /* REMOVE_ME_ParkSession.swift */ = {isa = PBXFileReference; lastKnownFileType = sourcecode.swift; path = REMOVE_ME_ParkSession.swift; sourceTree = "<group>"; };
		29B54BC02ED23D5A00E0A40B /* ParkingSpot+Status.swift */ = {isa = PBXFileReference; lastKnownFileType = sourcecode.swift; path = "ParkingSpot+Status.swift"; sourceTree = "<group>"; };
		29B54BC22ED2449900E0A40B /* DrivingSide.swift */ = {isa = PBXFileReference; lastKnownFileType = sourcecode.swift; path = DrivingSide.swift; sourceTree = "<group>"; };
		29B54BC42ED24F0400E0A40B /* SpotPhotosView.swift */ = {isa = PBXFileReference; lastKnownFileType = sourcecode.swift; path = SpotPhotosView.swift; sourceTree = "<group>"; };
		29B54BC62ED2715300E0A40B /* CarDetailView.swift */ = {isa = PBXFileReference; lastKnownFileType = sourcecode.swift; path = CarDetailView.swift; sourceTree = "<group>"; };
		29B54BCA2ED2BC2700E0A40B /* ParkingEligibilityEvaluator.swift */ = {isa = PBXFileReference; lastKnownFileType = sourcecode.swift; path = ParkingEligibilityEvaluator.swift; sourceTree = "<group>"; };
		29B54BCC2ED37BBF00E0A40B /* NotificationLog.swift */ = {isa = PBXFileReference; lastKnownFileType = sourcecode.swift; path = NotificationLog.swift; sourceTree = "<group>"; };
		29B54BCE2ED37BC700E0A40B /* NotificationsView.swift */ = {isa = PBXFileReference; lastKnownFileType = sourcecode.swift; path = NotificationsView.swift; sourceTree = "<group>"; };
		29B54BD02ED37BF000E0A40B /* NotificationLogStore.swift */ = {isa = PBXFileReference; lastKnownFileType = sourcecode.swift; path = NotificationLogStore.swift; sourceTree = "<group>"; };
		29B54BD22ED37C4B00E0A40B /* AlertsHubView.swift */ = {isa = PBXFileReference; lastKnownFileType = sourcecode.swift; path = AlertsHubView.swift; sourceTree = "<group>"; };
		29B54BD42ED3824700E0A40B /* QuickSpotActionsSheet.swift */ = {isa = PBXFileReference; lastKnownFileType = sourcecode.swift; path = QuickSpotActionsSheet.swift; sourceTree = "<group>"; };
		29B54BD62ED3A5BE00E0A40B /* BackendSyncService.swift */ = {isa = PBXFileReference; lastKnownFileType = sourcecode.swift; path = BackendSyncService.swift; sourceTree = "<group>"; };
		29E287F22ECD83F7004F8619 /* RegisterView.swift */ = {isa = PBXFileReference; lastKnownFileType = sourcecode.swift; path = RegisterView.swift; sourceTree = "<group>"; };
		29E288132ECEE45B004F8619 /* Secrets.Debug.xcconfig */ = {isa = PBXFileReference; lastKnownFileType = text.xcconfig; path = Secrets.Debug.xcconfig; sourceTree = "<group>"; };
		29E288152ECEE9F4004F8619 /* ParkingSignScannerView.swift */ = {isa = PBXFileReference; lastKnownFileType = sourcecode.swift; path = ParkingSignScannerView.swift; sourceTree = "<group>"; };
		29E2881D2ECEEA6D004F8619 /* QuickScanSheet.swift */ = {isa = PBXFileReference; lastKnownFileType = sourcecode.swift; path = QuickScanSheet.swift; sourceTree = "<group>"; };
		29E2882D2ED175E4004F8619 /* SpotsMapView.swift */ = {isa = PBXFileReference; lastKnownFileType = sourcecode.swift; path = SpotsMapView.swift; sourceTree = "<group>"; };
		29E2882F2ED17671004F8619 /* CarListView.swift */ = {isa = PBXFileReference; lastKnownFileType = sourcecode.swift; path = CarListView.swift; sourceTree = "<group>"; };
		29E288312ED17E07004F8619 /* ScansView.swift */ = {isa = PBXFileReference; lastKnownFileType = sourcecode.swift; path = ScansView.swift; sourceTree = "<group>"; };
		29E288332ED17E0C004F8619 /* HistoryView.swift */ = {isa = PBXFileReference; lastKnownFileType = sourcecode.swift; path = HistoryView.swift; sourceTree = "<group>"; };
		29E288352ED17E0E004F8619 /* SignScanEditView.swift */ = {isa = PBXFileReference; lastKnownFileType = sourcecode.swift; path = SignScanEditView.swift; sourceTree = "<group>"; };
		29E288372ED17E10004F8619 /* ParkSessionEditView.swift */ = {isa = PBXFileReference; lastKnownFileType = sourcecode.swift; path = ParkSessionEditView.swift; sourceTree = "<group>"; };
		29E288392ED17E32004F8619 /* README_CHANGES.md */ = {isa = PBXFileReference; lastKnownFileType = net.daringfireball.markdown; path = README_CHANGES.md; sourceTree = "<group>"; };
		29F5319C2ECD19B400475F48 /* ParkSignal AI.app */ = {isa = PBXFileReference; explicitFileType = wrapper.application; includeInIndex = 0; path = "ParkSignal AI.app"; sourceTree = BUILT_PRODUCTS_DIR; };
		29F531A92ECD19B600475F48 /* test2Tests.xctest */ = {isa = PBXFileReference; explicitFileType = wrapper.cfbundle; includeInIndex = 0; path = test2Tests.xctest; sourceTree = BUILT_PRODUCTS_DIR; };
		29F531B32ECD19B600475F48 /* test2UITests.xctest */ = {isa = PBXFileReference; explicitFileType = wrapper.cfbundle; includeInIndex = 0; path = test2UITests.xctest; sourceTree = BUILT_PRODUCTS_DIR; };
/* End PBXFileReference section */

/* Begin PBXFileSystemSynchronizedBuildFileExceptionSet section */
		29E287FF2ECD8FA0004F8619 /* Exceptions for "test2" folder in "test2" target */ = {
			isa = PBXFileSystemSynchronizedBuildFileExceptionSet;
			membershipExceptions = (
				Info.plist,
			);
			target = 29F5319B2ECD19B400475F48 /* test2 */;
		};
/* End PBXFileSystemSynchronizedBuildFileExceptionSet section */

/* Begin PBXFileSystemSynchronizedRootGroup section */
		29F5319E2ECD19B400475F48 /* test2 */ = {
			isa = PBXFileSystemSynchronizedRootGroup;
			exceptions = (
				29E287FF2ECD8FA0004F8619 /* Exceptions for "test2" folder in "test2" target */,
			);
			path = test2;
			sourceTree = "<group>";
		};
		29F531AC2ECD19B600475F48 /* test2Tests */ = {
			isa = PBXFileSystemSynchronizedRootGroup;
			path = test2Tests;
			sourceTree = "<group>";
		};
		29F531B62ECD19B600475F48 /* test2UITests */ = {
			isa = PBXFileSystemSynchronizedRootGroup;
			path = test2UITests;
			sourceTree = "<group>";
		};
/* End PBXFileSystemSynchronizedRootGroup section */

/* Begin PBXFrameworksBuildPhase section */
		29F531992ECD19B400475F48 /* Frameworks */ = {
			isa = PBXFrameworksBuildPhase;
			buildActionMask = 2147483647;
			files = (
			);
			runOnlyForDeploymentPostprocessing = 0;
		};
		29F531A62ECD19B600475F48 /* Frameworks */ = {
			isa = PBXFrameworksBuildPhase;
			buildActionMask = 2147483647;
			files = (
			);
			runOnlyForDeploymentPostprocessing = 0;
		};
		29F531B02ECD19B600475F48 /* Frameworks */ = {
			isa = PBXFrameworksBuildPhase;
			buildActionMask = 2147483647;
			files = (
			);
			runOnlyForDeploymentPostprocessing = 0;
		};
/* End PBXFrameworksBuildPhase section */

/* Begin PBXGroup section */
		29F531932ECD19B400475F48 = {
			isa = PBXGroup;
			children = (
				29E288132ECEE45B004F8619 /* Secrets.Debug.xcconfig */,
				29F5319E2ECD19B400475F48 /* test2 */,
				29F531AC2ECD19B600475F48 /* test2Tests */,
				29F531B62ECD19B600475F48 /* test2UITests */,
				29F5319D2ECD19B400475F48 /* Products */,
				291320F52ECD30AE00CCA138 /* AuthViewModel.swift */,
				291320F72ECD30B000CCA138 /* LandingView.swift */,
				291320FB2ECD30B700CCA138 /* LoginView.swift */,
				29E287F22ECD83F7004F8619 /* RegisterView.swift */,
				291320FF2ECD30BE00CCA138 /* ParkingSpotDetailView.swift */,
				291321012ECD30C100CCA138 /* MapView.swift */,
				291321032ECD30C500CCA138 /* ParkMateApp.swift */,
				291321052ECD31AF00CCA138 /* AddEditParkingSpotView.swift */,
				29E2881D2ECEEA6D004F8619 /* QuickScanSheet.swift */,
				29E288152ECEE9F4004F8619 /* ParkingSignScannerView.swift */,
				291321072ECD31B300CCA138 /* AddEditRestrictionView.swift */,
				29E2882D2ED175E4004F8619 /* SpotsMapView.swift */,
				29E2882F2ED17671004F8619 /* CarListView.swift */,
				29E288312ED17E07004F8619 /* ScansView.swift */,
				29E288332ED17E0C004F8619 /* HistoryView.swift */,
				29E288352ED17E0E004F8619 /* SignScanEditView.swift */,
				29E288372ED17E10004F8619 /* ParkSessionEditView.swift */,
				29E288392ED17E32004F8619 /* README_CHANGES.md */,
				29B54BBA2ED2264700E0A40B /* ParkSession.swift */,
				29B54BBC2ED2264F00E0A40B /* SessionsListView.swift */,
				29B54BBE2ED22CA400E0A40B /* REMOVE_ME_ParkSession.swift */,
				29B54BC02ED23D5A00E0A40B /* ParkingSpot+Status.swift */,
				29B54BC22ED2449900E0A40B /* DrivingSide.swift */,
				29B54BC42ED24F0400E0A40B /* SpotPhotosView.swift */,
				29B54BC62ED2715300E0A40B /* CarDetailView.swift */,
				29B54BCA2ED2BC2700E0A40B /* ParkingEligibilityEvaluator.swift */,
				29B54BCC2ED37BBF00E0A40B /* NotificationLog.swift */,
				29B54BCE2ED37BC700E0A40B /* NotificationsView.swift */,
				29B54BD02ED37BF000E0A40B /* NotificationLogStore.swift */,
				29B54BD22ED37C4B00E0A40B /* AlertsHubView.swift */,
				29B54BD42ED3824700E0A40B /* QuickSpotActionsSheet.swift */,
				29B54BD62ED3A5BE00E0A40B /* BackendSyncService.swift */,
				2996520F2ED3EBE700F7E13D /* QuickScanReviewView.swift */,
				299652112ED3EEDC00F7E13D /* ParkingSignalStatus.swift */,
				2996524B2ED425B200F7E13D /* HomeView.swift */,
				2996524D2ED4272600F7E13D /* HomeView 2.swift */,
				2996524F2ED43AF600F7E13D /* Segment.swift */,
				299652512ED4400600F7E13D /* StreetSide+Hashable.swift */,
				299652532ED4413900F7E13D /* CurbGeometry.swift */,
				299652572ED4C43C00F7E13D /* SegmentMapEditorView.swift */,
				29A96F4A2ED4E84200696E7D /* DateUtils.swift */,
				29A96F4C2ED4E85400696E7D /* OCRTextUtils.swift */,
				294648022ED6166E0090CDC8 /* DateTimeUtils.swift */,
				294648042ED6178A0090CDC8 /* ParkingSpot+Status 2.swift */,
				294648062ED63DF90090CDC8 /* DateTimeUtilsTests.swift */,
				294648082ED63DFE0090CDC8 /* ParkingSpotStatusTests.swift */,
			);
			sourceTree = "<group>";
		};
		29F5319D2ECD19B400475F48 /* Products */ = {
			isa = PBXGroup;
			children = (
				29F5319C2ECD19B400475F48 /* ParkSignal AI.app */,
				29F531A92ECD19B600475F48 /* test2Tests.xctest */,
				29F531B32ECD19B600475F48 /* test2UITests.xctest */,
			);
			name = Products;
			sourceTree = "<group>";
		};
/* End PBXGroup section */

/* Begin PBXNativeTarget section */
		29F5319B2ECD19B400475F48 /* test2 */ = {
			isa = PBXNativeTarget;
			buildConfigurationList = 29F531BD2ECD19B600475F48 /* Build configuration list for PBXNativeTarget "test2" */;
			buildPhases = (
				29F531982ECD19B400475F48 /* Sources */,
				29F531992ECD19B400475F48 /* Frameworks */,
				29F5319A2ECD19B400475F48 /* Resources */,
			);
			buildRules = (
			);
			dependencies = (
			);
			fileSystemSynchronizedGroups = (
				29F5319E2ECD19B400475F48 /* test2 */,
			);
			name = test2;
			packageProductDependencies = (
			);
			productName = test2;
			productReference = 29F5319C2ECD19B400475F48 /* ParkSignal AI.app */;
			productType = "com.apple.product-type.application";
		};
		29F531A82ECD19B600475F48 /* test2Tests */ = {
			isa = PBXNativeTarget;
			buildConfigurationList = 29F531C02ECD19B600475F48 /* Build configuration list for PBXNativeTarget "test2Tests" */;
			buildPhases = (
				29F531A52ECD19B600475F48 /* Sources */,
				29F531A62ECD19B600475F48 /* Frameworks */,
				29F531A72ECD19B600475F48 /* Resources */,
			);
			buildRules = (
			);
			dependencies = (
				29F531AB2ECD19B600475F48 /* PBXTargetDependency */,
			);
			fileSystemSynchronizedGroups = (
				29F531AC2ECD19B600475F48 /* test2Tests */,
			);
			name = test2Tests;
			packageProductDependencies = (
			);
			productName = test2Tests;
			productReference = 29F531A92ECD19B600475F48 /* test2Tests.xctest */;
			productType = "com.apple.product-type.bundle.unit-test";
		};
		29F531B22ECD19B600475F48 /* test2UITests */ = {
			isa = PBXNativeTarget;
			buildConfigurationList = 29F531C32ECD19B600475F48 /* Build configuration list for PBXNativeTarget "test2UITests" */;
			buildPhases = (
				29F531AF2ECD19B600475F48 /* Sources */,
				29F531B02ECD19B600475F48 /* Frameworks */,
				29F531B12ECD19B600475F48 /* Resources */,
			);
			buildRules = (
			);
			dependencies = (
				29F531B52ECD19B600475F48 /* PBXTargetDependency */,
			);
			fileSystemSynchronizedGroups = (
				29F531B62ECD19B600475F48 /* test2UITests */,
			);
			name = test2UITests;
			packageProductDependencies = (
			);
			productName = test2UITests;
			productReference = 29F531B32ECD19B600475F48 /* test2UITests.xctest */;
			productType = "com.apple.product-type.bundle.ui-testing";
		};
/* End PBXNativeTarget section */

/* Begin PBXProject section */
		29F531942ECD19B400475F48 /* Project object */ = {
			isa = PBXProject;
			attributes = {
				BuildIndependentTargetsInParallel = 1;
				LastSwiftUpdateCheck = 2610;
				LastUpgradeCheck = 2610;
				TargetAttributes = {
					29F5319B2ECD19B400475F48 = {
						CreatedOnToolsVersion = 26.1.1;
					};
					29F531A82ECD19B600475F48 = {
						CreatedOnToolsVersion = 26.1.1;
						TestTargetID = 29F5319B2ECD19B400475F48;
					};
					29F531B22ECD19B600475F48 = {
						CreatedOnToolsVersion = 26.1.1;
						TestTargetID = 29F5319B2ECD19B400475F48;
					};
				};
			};
			buildConfigurationList = 29F531972ECD19B400475F48 /* Build configuration list for PBXProject "test2" */;
			developmentRegion = en;
			hasScannedForEncodings = 0;
			knownRegions = (
				en,
				Base,
			);
			mainGroup = 29F531932ECD19B400475F48;
			minimizedProjectReferenceProxies = 1;
			preferredProjectObjectVersion = 77;
			productRefGroup = 29F5319D2ECD19B400475F48 /* Products */;
			projectDirPath = "";
			projectRoot = "";
			targets = (
				29F5319B2ECD19B400475F48 /* test2 */,
				29F531A82ECD19B600475F48 /* test2Tests */,
				29F531B22ECD19B600475F48 /* test2UITests */,
			);
		};
/* End PBXProject section */

/* Begin PBXResourcesBuildPhase section */
		29F5319A2ECD19B400475F48 /* Resources */ = {
			isa = PBXResourcesBuildPhase;
			buildActionMask = 2147483647;
			files = (
				29E2883A2ED17E32004F8619 /* README_CHANGES.md in Resources */,
			);
			runOnlyForDeploymentPostprocessing = 0;
		};
		29F531A72ECD19B600475F48 /* Resources */ = {
			isa = PBXResourcesBuildPhase;
			buildActionMask = 2147483647;
			files = (
			);
			runOnlyForDeploymentPostprocessing = 0;
		};
		29F531B12ECD19B600475F48 /* Resources */ = {
			isa = PBXResourcesBuildPhase;
			buildActionMask = 2147483647;
			files = (
			);
			runOnlyForDeploymentPostprocessing = 0;
		};
/* End PBXResourcesBuildPhase section */

/* Begin PBXSourcesBuildPhase section */
		29F531982ECD19B400475F48 /* Sources */ = {
			isa = PBXSourcesBuildPhase;
			buildActionMask = 2147483647;
			files = (
				291320F62ECD30AE00CCA138 /* AuthViewModel.swift in Sources */,
				291321002ECD30BE00CCA138 /* ParkingSpotDetailView.swift in Sources */,
				29E288342ED17E0C004F8619 /* HistoryView.swift in Sources */,
				29B54BCD2ED37BBF00E0A40B /* NotificationLog.swift in Sources */,
				294648032ED6166E0090CDC8 /* DateTimeUtils.swift in Sources */,
				294648052ED6178A0090CDC8 /* ParkingSpot+Status 2.swift in Sources */,
				294648092ED63DFE0090CDC8 /* ParkingSpotStatusTests.swift in Sources */,
				291321042ECD30C500CCA138 /* ParkMateApp.swift in Sources */,
				29E288322ED17E07004F8619 /* ScansView.swift in Sources */,
				29B54BCB2ED2BC2700E0A40B /* ParkingEligibilityEvaluator.swift in Sources */,
				29E288382ED17E10004F8619 /* ParkSessionEditView.swift in Sources */,
				291321082ECD31B300CCA138 /* AddEditRestrictionView.swift in Sources */,
				29E288302ED17671004F8619 /* CarListView.swift in Sources */,
				299652122ED3EEDC00F7E13D /* ParkingSignalStatus.swift in Sources */,
				29B54BC72ED2715300E0A40B /* CarDetailView.swift in Sources */,
				29E2881E2ECEEA6D004F8619 /* QuickScanSheet.swift in Sources */,
				29E287F32ECD83F7004F8619 /* RegisterView.swift in Sources */,
				299652522ED4400600F7E13D /* StreetSide+Hashable.swift in Sources */,
				2996524C2ED425B200F7E13D /* HomeView.swift in Sources */,
				299652502ED43AF600F7E13D /* Segment.swift in Sources */,
				299652582ED4C43C00F7E13D /* SegmentMapEditorView.swift in Sources */,
				2996524E2ED4272600F7E13D /* HomeView 2.swift in Sources */,
				29E2882E2ED175E4004F8619 /* SpotsMapView.swift in Sources */,
				29B54BBD2ED2264F00E0A40B /* SessionsListView.swift in Sources */,
				29B54BBF2ED22CA400E0A40B /* REMOVE_ME_ParkSession.swift in Sources */,
				29B54BD12ED37BF000E0A40B /* NotificationLogStore.swift in Sources */,
				29B54BD72ED3A5BE00E0A40B /* BackendSyncService.swift in Sources */,
				29B54BD32ED37C4B00E0A40B /* AlertsHubView.swift in Sources */,
				29B54BC12ED23D5A00E0A40B /* ParkingSpot+Status.swift in Sources */,
				294648072ED63DF90090CDC8 /* DateTimeUtilsTests.swift in Sources */,
				29B54BC52ED24F0400E0A40B /* SpotPhotosView.swift in Sources */,
				29A96F4D2ED4E85400696E7D /* OCRTextUtils.swift in Sources */,
				29B54BBB2ED2264700E0A40B /* ParkSession.swift in Sources */,
				29B54BCF2ED37BC700E0A40B /* NotificationsView.swift in Sources */,
				29B54BC32ED2449900E0A40B /* DrivingSide.swift in Sources */,
				299652542ED4413900F7E13D /* CurbGeometry.swift in Sources */,
				29B54BD52ED3824700E0A40B /* QuickSpotActionsSheet.swift in Sources */,
				291320FC2ECD30B700CCA138 /* LoginView.swift in Sources */,
				29A96F4B2ED4E84200696E7D /* DateUtils.swift in Sources */,
				291320F82ECD30B000CCA138 /* LandingView.swift in Sources */,
				29E288362ED17E0E004F8619 /* SignScanEditView.swift in Sources */,
				291321062ECD31AF00CCA138 /* AddEditParkingSpotView.swift in Sources */,
				299652102ED3EBE700F7E13D /* QuickScanReviewView.swift in Sources */,
				29E288162ECEE9F4004F8619 /* ParkingSignScannerView.swift in Sources */,
				291321022ECD30C100CCA138 /* MapView.swift in Sources */,
			);
			runOnlyForDeploymentPostprocessing = 0;
		};
		29F531A52ECD19B600475F48 /* Sources */ = {
			isa = PBXSourcesBuildPhase;
			buildActionMask = 2147483647;
			files = (
			);
			runOnlyForDeploymentPostprocessing = 0;
		};
		29F531AF2ECD19B600475F48 /* Sources */ = {
			isa = PBXSourcesBuildPhase;
			buildActionMask = 2147483647;
			files = (
			);
			runOnlyForDeploymentPostprocessing = 0;
		};
/* End PBXSourcesBuildPhase section */

/* Begin PBXTargetDependency section */
		29F531AB2ECD19B600475F48 /* PBXTargetDependency */ = {
			isa = PBXTargetDependency;
			target = 29F5319B2ECD19B400475F48 /* test2 */;
			targetProxy = 29F531AA2ECD19B600475F48 /* PBXContainerItemProxy */;
		};
		29F531B52ECD19B600475F48 /* PBXTargetDependency */ = {
			isa = PBXTargetDependency;
			target = 29F5319B2ECD19B400475F48 /* test2 */;
			targetProxy = 29F531B42ECD19B600475F48 /* PBXContainerItemProxy */;
		};
/* End PBXTargetDependency section */

/* Begin XCBuildConfiguration section */
		29F531BB2ECD19B600475F48 /* Debug */ = {
			isa = XCBuildConfiguration;
			buildSettings = {
				ALWAYS_SEARCH_USER_PATHS = NO;
				ASSETCATALOG_COMPILER_GENERATE_SWIFT_ASSET_SYMBOL_EXTENSIONS = YES;
				CLANG_ANALYZER_NONNULL = YES;
				CLANG_ANALYZER_NUMBER_OBJECT_CONVERSION = YES_AGGRESSIVE;
				CLANG_CXX_LANGUAGE_STANDARD = "gnu++20";
				CLANG_ENABLE_MODULES = YES;
				CLANG_ENABLE_OBJC_ARC = YES;
				CLANG_ENABLE_OBJC_WEAK = YES;
				CLANG_WARN_BLOCK_CAPTURE_AUTORELEASING = YES;
				CLANG_WARN_BOOL_CONVERSION = YES;
				CLANG_WARN_COMMA = YES;
				CLANG_WARN_CONSTANT_CONVERSION = YES;
				CLANG_WARN_DEPRECATED_OBJC_IMPLEMENTATIONS = YES;
				CLANG_WARN_DIRECT_OBJC_ISA_USAGE = YES_ERROR;
				CLANG_WARN_DOCUMENTATION_COMMENTS = YES;
				CLANG_WARN_EMPTY_BODY = YES;
				CLANG_WARN_ENUM_CONVERSION = YES;
				CLANG_WARN_INFINITE_RECURSION = YES;
				CLANG_WARN_INT_CONVERSION = YES;
				CLANG_WARN_NON_LITERAL_NULL_CONVERSION = YES;
				CLANG_WARN_OBJC_IMPLICIT_RETAIN_SELF = YES;
				CLANG_WARN_OBJC_LITERAL_CONVERSION = YES;
				CLANG_WARN_OBJC_ROOT_CLASS = YES_ERROR;
				CLANG_WARN_QUOTED_INCLUDE_IN_FRAMEWORK_HEADER = YES;
				CLANG_WARN_RANGE_LOOP_ANALYSIS = YES;
				CLANG_WARN_STRICT_PROTOTYPES = YES;
				CLANG_WARN_SUSPICIOUS_MOVE = YES;
				CLANG_WARN_UNGUARDED_AVAILABILITY = YES_AGGRESSIVE;
				CLANG_WARN_UNREACHABLE_CODE = YES;
				CLANG_WARN__DUPLICATE_METHOD_MATCH = YES;
				COPY_PHASE_STRIP = NO;
				DEBUG_INFORMATION_FORMAT = dwarf;
				DEVELOPMENT_TEAM = EU6247328G;
				ENABLE_STRICT_OBJC_MSGSEND = YES;
				ENABLE_TESTABILITY = YES;
				ENABLE_USER_SCRIPT_SANDBOXING = YES;
				GCC_C_LANGUAGE_STANDARD = gnu17;
				GCC_DYNAMIC_NO_PIC = NO;
				GCC_NO_COMMON_BLOCKS = YES;
				GCC_OPTIMIZATION_LEVEL = 0;
				GCC_PREPROCESSOR_DEFINITIONS = (
					"DEBUG=1",
					"$(inherited)",
				);
				GCC_WARN_64_TO_32_BIT_CONVERSION = YES;
				GCC_WARN_ABOUT_RETURN_TYPE = YES_ERROR;
				GCC_WARN_UNDECLARED_SELECTOR = YES;
				GCC_WARN_UNINITIALIZED_AUTOS = YES_AGGRESSIVE;
				GCC_WARN_UNUSED_FUNCTION = YES;
				GCC_WARN_UNUSED_VARIABLE = YES;
				IPHONEOS_DEPLOYMENT_TARGET = 26.1;
				LOCALIZATION_PREFERS_STRING_CATALOGS = YES;
				MTL_ENABLE_DEBUG_INFO = INCLUDE_SOURCE;
				MTL_FAST_MATH = YES;
				ONLY_ACTIVE_ARCH = YES;
				SDKROOT = iphoneos;
				SWIFT_ACTIVE_COMPILATION_CONDITIONS = "DEBUG $(inherited)";
				SWIFT_OPTIMIZATION_LEVEL = "-Onone";
			};
			name = Debug;
		};
		29F531BC2ECD19B600475F48 /* Release */ = {
			isa = XCBuildConfiguration;
			buildSettings = {
				ALWAYS_SEARCH_USER_PATHS = NO;
				ASSETCATALOG_COMPILER_GENERATE_SWIFT_ASSET_SYMBOL_EXTENSIONS = YES;
				CLANG_ANALYZER_NONNULL = YES;
				CLANG_ANALYZER_NUMBER_OBJECT_CONVERSION = YES_AGGRESSIVE;
				CLANG_CXX_LANGUAGE_STANDARD = "gnu++20";
				CLANG_ENABLE_MODULES = YES;
				CLANG_ENABLE_OBJC_ARC = YES;
				CLANG_ENABLE_OBJC_WEAK = YES;
				CLANG_WARN_BLOCK_CAPTURE_AUTORELEASING = YES;
				CLANG_WARN_BOOL_CONVERSION = YES;
				CLANG_WARN_COMMA = YES;
				CLANG_WARN_CONSTANT_CONVERSION = YES;
				CLANG_WARN_DEPRECATED_OBJC_IMPLEMENTATIONS = YES;
				CLANG_WARN_DIRECT_OBJC_ISA_USAGE = YES_ERROR;
				CLANG_WARN_DOCUMENTATION_COMMENTS = YES;
				CLANG_WARN_EMPTY_BODY = YES;
				CLANG_WARN_ENUM_CONVERSION = YES;
				CLANG_WARN_INFINITE_RECURSION = YES;
				CLANG_WARN_INT_CONVERSION = YES;
				CLANG_WARN_NON_LITERAL_NULL_CONVERSION = YES;
				CLANG_WARN_OBJC_IMPLICIT_RETAIN_SELF = YES;
				CLANG_WARN_OBJC_LITERAL_CONVERSION = YES;
				CLANG_WARN_OBJC_ROOT_CLASS = YES_ERROR;
				CLANG_WARN_QUOTED_INCLUDE_IN_FRAMEWORK_HEADER = YES;
				CLANG_WARN_RANGE_LOOP_ANALYSIS = YES;
				CLANG_WARN_STRICT_PROTOTYPES = YES;
				CLANG_WARN_SUSPICIOUS_MOVE = YES;
				CLANG_WARN_UNGUARDED_AVAILABILITY = YES_AGGRESSIVE;
				CLANG_WARN_UNREACHABLE_CODE = YES;
				CLANG_WARN__DUPLICATE_METHOD_MATCH = YES;
				COPY_PHASE_STRIP = NO;
				DEBUG_INFORMATION_FORMAT = "dwarf-with-dsym";
				DEVELOPMENT_TEAM = EU6247328G;
				ENABLE_NS_ASSERTIONS = NO;
				ENABLE_STRICT_OBJC_MSGSEND = YES;
				ENABLE_USER_SCRIPT_SANDBOXING = YES;
				GCC_C_LANGUAGE_STANDARD = gnu17;
				GCC_NO_COMMON_BLOCKS = YES;
				GCC_WARN_64_TO_32_BIT_CONVERSION = YES;
				GCC_WARN_ABOUT_RETURN_TYPE = YES_ERROR;
				GCC_WARN_UNDECLARED_SELECTOR = YES;
				GCC_WARN_UNINITIALIZED_AUTOS = YES_AGGRESSIVE;
				GCC_WARN_UNUSED_FUNCTION = YES;
				GCC_WARN_UNUSED_VARIABLE = YES;
				IPHONEOS_DEPLOYMENT_TARGET = 26.1;
				LOCALIZATION_PREFERS_STRING_CATALOGS = YES;
				MTL_ENABLE_DEBUG_INFO = NO;
				MTL_FAST_MATH = YES;
				SDKROOT = iphoneos;
				SWIFT_COMPILATION_MODE = wholemodule;
				VALIDATE_PRODUCT = YES;
			};
			name = Release;
		};
		29F531BE2ECD19B600475F48 /* Debug */ = {
			isa = XCBuildConfiguration;
			buildSettings = {
				ASSETCATALOG_COMPILER_APPICON_NAME = AppIcon;
				ASSETCATALOG_COMPILER_GLOBAL_ACCENT_COLOR_NAME = AccentColor;
				CODE_SIGN_STYLE = Automatic;
				CURRENT_PROJECT_VERSION = 1;
				DEVELOPMENT_TEAM = EU6247328G;
				ENABLE_PREVIEWS = YES;
				GENERATE_INFOPLIST_FILE = YES;
				INFOPLIST_FILE = test2/Info.plist;
				INFOPLIST_KEY_NSCameraUsageDescription = "Used to scan street signs.";
				INFOPLIST_KEY_NSLocationWhenInUseUsageDescription = "Location will be used";
				INFOPLIST_KEY_UIApplicationSceneManifest_Generation = YES;
				INFOPLIST_KEY_UIApplicationSupportsIndirectInputEvents = YES;
				INFOPLIST_KEY_UILaunchScreen_Generation = YES;
				INFOPLIST_KEY_UISupportedInterfaceOrientations_iPad = "UIInterfaceOrientationPortrait UIInterfaceOrientationPortraitUpsideDown UIInterfaceOrientationLandscapeLeft UIInterfaceOrientationLandscapeRight";
				INFOPLIST_KEY_UISupportedInterfaceOrientations_iPhone = "UIInterfaceOrientationPortrait UIInterfaceOrientationLandscapeLeft UIInterfaceOrientationLandscapeRight";
				IPHONEOS_DEPLOYMENT_TARGET = 18.6;
				LD_RUNPATH_SEARCH_PATHS = (
					"$(inherited)",
					"@executable_path/Frameworks",
				);
				MARKETING_VERSION = 1.0;
				OPENAI_API_KEY = "";
				PRODUCT_BUNDLE_IDENTIFIER = com.SOTech.ParkSignalAI;
				PRODUCT_NAME = "ParkSignal AI";
				STRING_CATALOG_GENERATE_SYMBOLS = YES;
				SWIFT_APPROACHABLE_CONCURRENCY = YES;
				SWIFT_DEFAULT_ACTOR_ISOLATION = MainActor;
				SWIFT_EMIT_LOC_STRINGS = YES;
				SWIFT_UPCOMING_FEATURE_MEMBER_IMPORT_VISIBILITY = YES;
				SWIFT_VERSION = 5.0;
				TARGETED_DEVICE_FAMILY = "1,2";
			};
			name = Debug;
		};
		29F531BF2ECD19B600475F48 /* Release */ = {
			isa = XCBuildConfiguration;
			buildSettings = {
				ASSETCATALOG_COMPILER_APPICON_NAME = AppIcon;
				ASSETCATALOG_COMPILER_GLOBAL_ACCENT_COLOR_NAME = AccentColor;
				CODE_SIGN_STYLE = Automatic;
				CURRENT_PROJECT_VERSION = 1;
				DEVELOPMENT_TEAM = EU6247328G;
				ENABLE_PREVIEWS = YES;
				GENERATE_INFOPLIST_FILE = YES;
				INFOPLIST_FILE = test2/Info.plist;
				INFOPLIST_KEY_NSCameraUsageDescription = "Used to scan street signs.";
				INFOPLIST_KEY_NSLocationWhenInUseUsageDescription = "Location will be used";
				INFOPLIST_KEY_UIApplicationSceneManifest_Generation = YES;
				INFOPLIST_KEY_UIApplicationSupportsIndirectInputEvents = YES;
				INFOPLIST_KEY_UILaunchScreen_Generation = YES;
				INFOPLIST_KEY_UISupportedInterfaceOrientations_iPad = "UIInterfaceOrientationPortrait UIInterfaceOrientationPortraitUpsideDown UIInterfaceOrientationLandscapeLeft UIInterfaceOrientationLandscapeRight";
				INFOPLIST_KEY_UISupportedInterfaceOrientations_iPhone = "UIInterfaceOrientationPortrait UIInterfaceOrientationLandscapeLeft UIInterfaceOrientationLandscapeRight";
				IPHONEOS_DEPLOYMENT_TARGET = 18.6;
				LD_RUNPATH_SEARCH_PATHS = (
					"$(inherited)",
					"@executable_path/Frameworks",
				);
				MARKETING_VERSION = 1.0;
				OPENAI_API_KEY = "";
				PRODUCT_BUNDLE_IDENTIFIER = com.SOTech.ParkSignalAI;
				PRODUCT_NAME = "ParkSignal AI";
				STRING_CATALOG_GENERATE_SYMBOLS = YES;
				SWIFT_APPROACHABLE_CONCURRENCY = YES;
				SWIFT_DEFAULT_ACTOR_ISOLATION = MainActor;
				SWIFT_EMIT_LOC_STRINGS = YES;
				SWIFT_UPCOMING_FEATURE_MEMBER_IMPORT_VISIBILITY = YES;
				SWIFT_VERSION = 5.0;
				TARGETED_DEVICE_FAMILY = "1,2";
			};
			name = Release;
		};
		29F531C12ECD19B600475F48 /* Debug */ = {
			isa = XCBuildConfiguration;
			buildSettings = {
				BUNDLE_LOADER = "$(TEST_HOST)";
				CODE_SIGN_STYLE = Automatic;
				CURRENT_PROJECT_VERSION = 1;
				DEVELOPMENT_TEAM = EU6247328G;
				GENERATE_INFOPLIST_FILE = YES;
				IPHONEOS_DEPLOYMENT_TARGET = 26.1;
				MARKETING_VERSION = 1.0;
				PRODUCT_BUNDLE_IDENTIFIER = com.SOTech.test2Tests;
				PRODUCT_NAME = "$(TARGET_NAME)";
				STRING_CATALOG_GENERATE_SYMBOLS = NO;
				SWIFT_APPROACHABLE_CONCURRENCY = YES;
				SWIFT_EMIT_LOC_STRINGS = NO;
				SWIFT_UPCOMING_FEATURE_MEMBER_IMPORT_VISIBILITY = YES;
				SWIFT_VERSION = 5.0;
				TARGETED_DEVICE_FAMILY = "1,2";
				TEST_HOST = "$(BUILT_PRODUCTS_DIR)/ParkSignal AI.app/$(BUNDLE_EXECUTABLE_FOLDER_PATH)/ParkSignal AI";
			};
			name = Debug;
		};
		29F531C22ECD19B600475F48 /* Release */ = {
			isa = XCBuildConfiguration;
			buildSettings = {
				BUNDLE_LOADER = "$(TEST_HOST)";
				CODE_SIGN_STYLE = Automatic;
				CURRENT_PROJECT_VERSION = 1;
				DEVELOPMENT_TEAM = EU6247328G;
				GENERATE_INFOPLIST_FILE = YES;
				IPHONEOS_DEPLOYMENT_TARGET = 26.1;
				MARKETING_VERSION = 1.0;
				PRODUCT_BUNDLE_IDENTIFIER = com.SOTech.test2Tests;
				PRODUCT_NAME = "$(TARGET_NAME)";
				STRING_CATALOG_GENERATE_SYMBOLS = NO;
				SWIFT_APPROACHABLE_CONCURRENCY = YES;
				SWIFT_EMIT_LOC_STRINGS = NO;
				SWIFT_UPCOMING_FEATURE_MEMBER_IMPORT_VISIBILITY = YES;
				SWIFT_VERSION = 5.0;
				TARGETED_DEVICE_FAMILY = "1,2";
				TEST_HOST = "$(BUILT_PRODUCTS_DIR)/ParkSignal AI.app/$(BUNDLE_EXECUTABLE_FOLDER_PATH)/ParkSignal AI";
			};
			name = Release;
		};
		29F531C42ECD19B600475F48 /* Debug */ = {
			isa = XCBuildConfiguration;
			buildSettings = {
				CODE_SIGN_STYLE = Automatic;
				CURRENT_PROJECT_VERSION = 1;
				DEVELOPMENT_TEAM = EU6247328G;
				GENERATE_INFOPLIST_FILE = YES;
				MARKETING_VERSION = 1.0;
				PRODUCT_BUNDLE_IDENTIFIER = com.SOTech.test2UITests;
				PRODUCT_NAME = "$(TARGET_NAME)";
				STRING_CATALOG_GENERATE_SYMBOLS = NO;
				SWIFT_APPROACHABLE_CONCURRENCY = YES;
				SWIFT_EMIT_LOC_STRINGS = NO;
				SWIFT_UPCOMING_FEATURE_MEMBER_IMPORT_VISIBILITY = YES;
				SWIFT_VERSION = 5.0;
				TARGETED_DEVICE_FAMILY = "1,2";
				TEST_TARGET_NAME = test2;
			};
			name = Debug;
		};
		29F531C52ECD19B600475F48 /* Release */ = {
			isa = XCBuildConfiguration;
			buildSettings = {
				CODE_SIGN_STYLE = Automatic;
				CURRENT_PROJECT_VERSION = 1;
				DEVELOPMENT_TEAM = EU6247328G;
				GENERATE_INFOPLIST_FILE = YES;
				MARKETING_VERSION = 1.0;
				PRODUCT_BUNDLE_IDENTIFIER = com.SOTech.test2UITests;
				PRODUCT_NAME = "$(TARGET_NAME)";
				STRING_CATALOG_GENERATE_SYMBOLS = NO;
				SWIFT_APPROACHABLE_CONCURRENCY = YES;
				SWIFT_EMIT_LOC_STRINGS = NO;
				SWIFT_UPCOMING_FEATURE_MEMBER_IMPORT_VISIBILITY = YES;
				SWIFT_VERSION = 5.0;
				TARGETED_DEVICE_FAMILY = "1,2";
				TEST_TARGET_NAME = test2;
			};
			name = Release;
		};
/* End XCBuildConfiguration section */

/* Begin XCConfigurationList section */
		29F531972ECD19B400475F48 /* Build configuration list for PBXProject "test2" */ = {
			isa = XCConfigurationList;
			buildConfigurations = (
				29F531BB2ECD19B600475F48 /* Debug */,
				29F531BC2ECD19B600475F48 /* Release */,
			);
			defaultConfigurationIsVisible = 0;
			defaultConfigurationName = Release;
		};
		29F531BD2ECD19B600475F48 /* Build configuration list for PBXNativeTarget "test2" */ = {
			isa = XCConfigurationList;
			buildConfigurations = (
				29F531BE2ECD19B600475F48 /* Debug */,
				29F531BF2ECD19B600475F48 /* Release */,
			);
			defaultConfigurationIsVisible = 0;
			defaultConfigurationName = Release;
		};
		29F531C02ECD19B600475F48 /* Build configuration list for PBXNativeTarget "test2Tests" */ = {
			isa = XCConfigurationList;
			buildConfigurations = (
				29F531C12ECD19B600475F48 /* Debug */,
				29F531C22ECD19B600475F48 /* Release */,
			);
			defaultConfigurationIsVisible = 0;
			defaultConfigurationName = Release;
		};
		29F531C32ECD19B600475F48 /* Build configuration list for PBXNativeTarget "test2UITests" */ = {
			isa = XCConfigurationList;
			buildConfigurations = (
				29F531C42ECD19B600475F48 /* Debug */,
				29F531C52ECD19B600475F48 /* Release */,
			);
			defaultConfigurationIsVisible = 0;
			defaultConfigurationName = Release;
		};
/* End XCConfigurationList section */
	};
	rootObject = 29F531942ECD19B400475F48 /* Project object */;
}
